
Microsoft Visual Studio Solution File, Format Version 12.00
# Visual Studio 2013
VisualStudioVersion = 12.0.21005.1
MinimumVisualStudioVersion = 10.0.40219.1
Project("{FAE04EC0-301F-11D3-BF4B-00C04F79EFBC}") = "Hunt", "Hunt.csproj", "{8581D710-BAB5-4FA6-89CD-46FA1BA86D80}"
EndProject
Global
	GlobalSection(SolutionConfigurationPlatforms) = preSolution
		Debug|x64 = Debug|x64
		Release|x64 = Release|x64
	EndGlobalSection
	GlobalSection(ProjectConfigurationPlatforms) = postSolution
		{8581D710-BAB5-4FA6-89CD-46FA1BA86D80}.Debug|x64.ActiveCfg = Debug|x64
		{8581D710-BAB5-4FA6-89CD-46FA1BA86D80}.Debug|x64.Build.0 = Debug|x64
		{8581D710-BAB5-4FA6-89CD-46FA1BA86D80}.Release|x64.ActiveCfg = Release|x64
		{8581D710-BAB5-4FA6-89CD-46FA1BA86D80}.Release|x64.Build.0 = Release|x64
	EndGlobalSection
	GlobalSection(SolutionProperties) = preSolution
		HideSolutionNode = FALSE
	EndGlobalSection
EndGlobal
